
Microsoft Visual Studio Solution File, Format Version 12.00
# Visual Studio Version 17
VisualStudioVersion = 17.14.36127.28 d17.14
MinimumVisualStudioVersion = 10.0.40219.1
Project("{FAE04EC0-301F-11D3-BF4B-00C04F79EFBC}") = "project-server", "project-server\project-server.csproj", "{617DB559-65B0-40EA-B4D9-7B509D13F1E8}"
EndProject
Project("{54A90642-561A-4BB1-A94E-469ADEE60C69}") = "project-frontend", "project-frontend\project-frontend.esproj", "{00E9DAC5-EA34-3CFA-CF03-939F1942CC38}"
EndProject
Global
	GlobalSection(SolutionConfigurationPlatforms) = preSolution
		Debug|Any CPU = Debug|Any CPU
		Release|Any CPU = Release|Any CPU
	EndGlobalSection
	GlobalSection(ProjectConfigurationPlatforms) = postSolution
		{617DB559-65B0-40EA-B4D9-7B509D13F1E8}.Debug|Any CPU.ActiveCfg = Debug|Any CPU
		{617DB559-65B0-40EA-B4D9-7B509D13F1E8}.Debug|Any CPU.Build.0 = Debug|Any CPU
		{617DB559-65B0-40EA-B4D9-7B509D13F1E8}.Release|Any CPU.ActiveCfg = Release|Any CPU
		{617DB559-65B0-40EA-B4D9-7B509D13F1E8}.Release|Any CPU.Build.0 = Release|Any CPU
		{00E9DAC5-EA34-3CFA-CF03-939F1942CC38}.Debug|Any CPU.ActiveCfg = Debug|Any CPU
		{00E9DAC5-EA34-3CFA-CF03-939F1942CC38}.Debug|Any CPU.Build.0 = Debug|Any CPU
		{00E9DAC5-EA34-3CFA-CF03-939F1942CC38}.Debug|Any CPU.Deploy.0 = Debug|Any CPU
		{00E9DAC5-EA34-3CFA-CF03-939F1942CC38}.Release|Any CPU.ActiveCfg = Release|Any CPU
		{00E9DAC5-EA34-3CFA-CF03-939F1942CC38}.Release|Any CPU.Build.0 = Release|Any CPU
		{00E9DAC5-EA34-3CFA-CF03-939F1942CC38}.Release|Any CPU.Deploy.0 = Release|Any CPU
	EndGlobalSection
	GlobalSection(SolutionProperties) = preSolution
		HideSolutionNode = FALSE
	EndGlobalSection
	GlobalSection(ExtensibilityGlobals) = postSolution
		SolutionGuid = {941A2F99-1A67-4C49-99B8-3457569501DC}
	EndGlobalSection
EndGlobal
